<?xml version="1.0" encoding="utf-8"?>
<Project ToolsVersion="4.0" xmlns="http://schemas.microsoft.com/developer/msbuild/2003">
  <ItemGroup>
    <Filter Include="Source Files">
      <UniqueIdentifier>{4FC737F1-C7A5-4376-A066-2A32D752A2FF}</UniqueIdentifier>
      <Extensions>cpp;c;cc;cxx;c++;cppm;ixx;def;odl;idl;hpj;bat;asm;asmx</Extensions>
    </Filter>
    <Filter Include="Header Files">
      <UniqueIdentifier>{93995380-89BD-4b04-88EB-625FBE52EBFB}</UniqueIdentifier>
      <Extensions>h;hh;hpp;hxx;h++;hm;inl;inc;ipp;xsd</Extensions>
    </Filter>
    <Filter Include="Resource Files">
      <UniqueIdentifier>{67DA6AB6-F800-4c08-8B7A-83BB121AAD01}</UniqueIdentifier>
      <Extensions>rc;ico;cur;bmp;dlg;rc2;rct;bin;rgs;gif;jpg;jpeg;jpe;resx;tiff;tif;png;wav;mfcribbon-ms</Extensions>
    </Filter>
  </ItemGroup>
  <ItemGroup>
    <None Include="Game\rw\errcom.def">
      <Filter>Source Files</Filter>
    </None>
    <None Include="Game\rw\errcore.def">
      <Filter>Source Files</Filter>
    </None>
  </ItemGroup>
  <ItemGroup>
    <ClInclude Include="Game\rw\rpcriter.h">
      <Filter>Header Files</Filter>
    </ClInclude>
    <ClInclude Include="Game\rw\rperror.h">
      <Filter>Header Files</Filter>
    </ClInclude>
    <ClInclude Include="Game\rw\rphanim.h">
      <Filter>Header Files</Filter>
    </ClInclude>
    <ClInclude Include="Game\rw\rpmatfx.h">
      <Filter>Header Files</Filter>
    </ClInclude>
    <ClInclude Include="Game\rw\rpskin.h">
      <Filter>Header Files</Filter>
    </ClInclude>
    <ClInclude Include="Game\rw\rpuvanim.h">
      <Filter>Header Files</Filter>
    </ClInclude>
    <ClInclude Include="Game\rw\rpworld.h">
      <Filter>Header Files</Filter>
    </ClInclude>
    <ClInclude Include="Game\rw\rtanim.h">
      <Filter>Header Files</Filter>
    </ClInclude>
    <ClInclude Include="Game\rw\rtdict.h">
      <Filter>Header Files</Filter>
    </ClInclude>
    <ClInclude Include="Game\rw\rtquat.h">
      <Filter>Header Files</Filter>
    </ClInclude>
    <ClInclude Include="Game\rw\rwcore.h">
      <Filter>Header Files</Filter>
    </ClInclude>
    <ClInclude Include="Game\rw\rwplcore.h">
      <Filter>Header Files</Filter>
    </ClInclude>
    <ClInclude Include="Game\rw\skeleton.h">
      <Filter>Header Files</Filter>
    </ClInclude>
    <ClInclude Include="Game\AnimBlendFrameData.h">
      <Filter>Header Files</Filter>
    </ClInclude>
    <ClInclude Include="Game\C2dEffect.h">
      <Filter>Header Files</Filter>
    </ClInclude>
    <ClInclude Include="Game\C3dMarker.h">
      <Filter>Header Files</Filter>
    </ClInclude>
    <ClInclude Include="Game\C3dMarkers.h">
      <Filter>Header Files</Filter>
    </ClInclude>
    <ClInclude Include="Game\CAEAudioEntity.h">
      <Filter>Header Files</Filter>
    </ClInclude>
    <ClInclude Include="Game\CAEExplosionAudioEntity.h">
      <Filter>Header Files</Filter>
    </ClInclude>
    <ClInclude Include="Game\CAEFireAudioEntity.h">
      <Filter>Header Files</Filter>
    </ClInclude>
    <ClInclude Include="Game\CAEPedAudioEntity.h">
      <Filter>Header Files</Filter>
    </ClInclude>
    <ClInclude Include="Game\CAEPedSpeechAudioEntity.h">
      <Filter>Header Files</Filter>
    </ClInclude>
    <ClInclude Include="Game\CAEPoliceScannerAudioEntity.h">
      <Filter>Header Files</Filter>
    </ClInclude>
    <ClInclude Include="Game\CAERadioTrackManager.h">
      <Filter>Header Files</Filter>
    </ClInclude>
    <ClInclude Include="Game\CAESound.h">
      <Filter>Header Files</Filter>
    </ClInclude>
    <ClInclude Include="Game\CAETwinLoopSoundEntity.h">
      <Filter>Header Files</Filter>
    </ClInclude>
    <ClInclude Include="Game\CAEVehicleAudioEntity.h">
      <Filter>Header Files</Filter>
    </ClInclude>
    <ClInclude Include="Game\CAEWeaponAudioEntity.h">
      <Filter>Header Files</Filter>
    </ClInclude>
    <ClInclude Include="Game\CAEWeatherAudioEntity.h">
      <Filter>Header Files</Filter>
    </ClInclude>
    <ClInclude Include="Game\CAnimatedBuilding.h">
      <Filter>Header Files</Filter>
    </ClInclude>
    <ClInclude Include="Game\CAnimationStyleDescriptor.h">
      <Filter>Header Files</Filter>
    </ClInclude>
    <ClInclude Include="Game\CAnimBlendAssocGroup.h">
      <Filter>Header Files</Filter>
    </ClInclude>
    <ClInclude Include="Game\CAnimBlendAssociation.h">
      <Filter>Header Files</Filter>
    </ClInclude>
    <ClInclude Include="Game\CAnimBlendClumpData.h">
      <Filter>Header Files</Filter>
    </ClInclude>
    <ClInclude Include="Game\CAnimBlendHierarchy.h">
      <Filter>Header Files</Filter>
    </ClInclude>
    <ClInclude Include="Game\CAnimBlendNode.h">
      <Filter>Header Files</Filter>
    </ClInclude>
    <ClInclude Include="Game\CAnimBlendSequence.h">
      <Filter>Header Files</Filter>
    </ClInclude>
    <ClInclude Include="Game\CAnimBlendStaticAssociation.h">
      <Filter>Header Files</Filter>
    </ClInclude>
    <ClInclude Include="Game\CAnimBlock.h">
      <Filter>Header Files</Filter>
    </ClInclude>
    <ClInclude Include="Game\CAnimManager.h">
      <Filter>Header Files</Filter>
    </ClInclude>
    <ClInclude Include="Game\CAtomicModelInfo.h">
      <Filter>Header Files</Filter>
    </ClInclude>
    <ClInclude Include="Game\CAttractorScanner.h">
      <Filter>Header Files</Filter>
    </ClInclude>
    <ClInclude Include="Game\CAutomobile.h">
      <Filter>Header Files</Filter>
    </ClInclude>
    <ClInclude Include="Game\CAutoPilot.h">
      <Filter>Header Files</Filter>
    </ClInclude>
    <ClInclude Include="Game\CBaseModelInfo.h">
      <Filter>Header Files</Filter>
    </ClInclude>
    <ClInclude Include="Game\CBike.h">
      <Filter>Header Files</Filter>
    </ClInclude>
    <ClInclude Include="Game\CBirds.h">
      <Filter>Header Files</Filter>
    </ClInclude>
    <ClInclude Include="Game\CBmx.h">
      <Filter>Header Files</Filter>
    </ClInclude>
    <ClInclude Include="Game\CBoat.h">
      <Filter>Header Files</Filter>
    </ClInclude>
    <ClInclude Include="Game\CBouncingPanel.h">
      <Filter>Header Files</Filter>
    </ClInclude>
    <ClInclude Include="Game\CBoundingBox.h">
      <Filter>Header Files</Filter>
    </ClInclude>
    <ClInclude Include="Game\CBox.h">
      <Filter>Header Files</Filter>
    </ClInclude>
    <ClInclude Include="Game\CBrightLights.h">
      <Filter>Header Files</Filter>
    </ClInclude>
    <ClInclude Include="Game\CBuilding.h">
      <Filter>Header Files</Filter>
    </ClInclude>
    <ClInclude Include="Game\CBulletInfo.h">
      <Filter>Header Files</Filter>
    </ClInclude>
    <ClInclude Include="Game\CBulletTrace.h">
      <Filter>Header Files</Filter>
    </ClInclude>
    <ClInclude Include="Game\CBulletTraces.h">
      <Filter>Header Files</Filter>
    </ClInclude>
    <ClInclude Include="Game\CCam.h">
      <Filter>Header Files</Filter>
    </ClInclude>
    <ClInclude Include="Game\CCamera.h">
      <Filter>Header Files</Filter>
    </ClInclude>
    <ClInclude Include="Game\CCamPathSplines.h">
      <Filter>Header Files</Filter>
    </ClInclude>
    <ClInclude Include="Game\CCarAI.h">
      <Filter>Header Files</Filter>
    </ClInclude>
    <ClInclude Include="Game\CCarCtrl.h">
      <Filter>Header Files</Filter>
    </ClInclude>
    <ClInclude Include="Game\CCarEnterExit.h">
      <Filter>Header Files</Filter>
    </ClInclude>
    <ClInclude Include="Game\CCarGenerator.h">
      <Filter>Header Files</Filter>
    </ClInclude>
    <ClInclude Include="Game\CCheat.h">
      <Filter>Header Files</Filter>
    </ClInclude>
    <ClInclude Include="Game\CCheckpoint.h">
      <Filter>Header Files</Filter>
    </ClInclude>
    <ClInclude Include="Game\CCheckpoints.h">
      <Filter>Header Files</Filter>
    </ClInclude>
    <ClInclude Include="Game\CCivilianPed.h">
      <Filter>Header Files</Filter>
    </ClInclude>
    <ClInclude Include="Game\CClock.h">
      <Filter>Header Files</Filter>
    </ClInclude>
    <ClInclude Include="Game\CClothes.h">
      <Filter>Header Files</Filter>
    </ClInclude>
    <ClInclude Include="Game\CClothesBuilder.h">
      <Filter>Header Files</Filter>
    </ClInclude>
    <ClInclude Include="Game\CClouds.h">
      <Filter>Header Files</Filter>
    </ClInclude>
    <ClInclude Include="Game\CClumpModelInfo.h">
      <Filter>Header Files</Filter>
    </ClInclude>
    <ClInclude Include="Game\CColBox.h">
      <Filter>Header Files</Filter>
    </ClInclude>
    <ClInclude Include="Game\CColDisk.h">
      <Filter>Header Files</Filter>
    </ClInclude>
    <ClInclude Include="Game\CColLine.h">
      <Filter>Header Files</Filter>
    </ClInclude>
    <ClInclude Include="Game\CCollision.h">
      <Filter>Header Files</Filter>
    </ClInclude>
    <ClInclude Include="Game\CCollisionData.h">
      <Filter>Header Files</Filter>
    </ClInclude>
    <ClInclude Include="Game\CColModel.h">
      <Filter>Header Files</Filter>
    </ClInclude>
    <ClInclude Include="Game\CColourSet.h">
      <Filter>Header Files</Filter>
    </ClInclude>
    <ClInclude Include="Game\CColPoint.h">
      <Filter>Header Files</Filter>
    </ClInclude>
    <ClInclude Include="Game\CColSphere.h">
      <Filter>Header Files</Filter>
    </ClInclude>
    <ClInclude Include="Game\CColTriangle.h">
      <Filter>Header Files</Filter>
    </ClInclude>
    <ClInclude Include="Game\CColTrianglePlane.h">
      <Filter>Header Files</Filter>
    </ClInclude>
    <ClInclude Include="Game\CControllerConfigManager.h">
      <Filter>Header Files</Filter>
    </ClInclude>
    <ClInclude Include="Game\CCopPed.h">
      <Filter>Header Files</Filter>
    </ClInclude>
    <ClInclude Include="Game\CCoronas.h">
      <Filter>Header Files</Filter>
    </ClInclude>
    <ClInclude Include="Game\CCredits.h">
      <Filter>Header Files</Filter>
    </ClInclude>
    <ClInclude Include="Game\CCreepingFire.h">
      <Filter>Header Files</Filter>
    </ClInclude>
    <ClInclude Include="Game\CCrimeBeingQd.h">
      <Filter>Header Files</Filter>
    </ClInclude>
    <ClInclude Include="Game\CCustomCarEnvMapPipeline.h">
      <Filter>Header Files</Filter>
    </ClInclude>
    <ClInclude Include="Game\CCustomCarPlateMgr.h">
      <Filter>Header Files</Filter>
    </ClInclude>
    <ClInclude Include="Game\CCutsceneMgr.h">
      <Filter>Header Files</Filter>
    </ClInclude>
    <ClInclude Include="Game\CCutsceneObject.h">
      <Filter>Header Files</Filter>
    </ClInclude>
    <ClInclude Include="Game\CDamageManager.h">
      <Filter>Header Files</Filter>
    </ClInclude>
    <ClInclude Include="Game\CDarkel.h">
      <Filter>Header Files</Filter>
    </ClInclude>
    <ClInclude Include="Game\CDecision.h">
      <Filter>Header Files</Filter>
    </ClInclude>
    <ClInclude Include="Game\CDecisionMaker.h">
      <Filter>Header Files</Filter>
    </ClInclude>
    <ClInclude Include="Game\CDecisionSimple.h">
      <Filter>Header Files</Filter>
    </ClInclude>
    <ClInclude Include="Game\CDirectory.h">
      <Filter>Header Files</Filter>
    </ClInclude>
    <ClInclude Include="Game\CDoor.h">
      <Filter>Header Files</Filter>
    </ClInclude>
    <ClInclude Include="Game\CDraw.h">
      <Filter>Header Files</Filter>
    </ClInclude>
    <ClInclude Include="Game\CDummy.h">
      <Filter>Header Files</Filter>
    </ClInclude>
    <ClInclude Include="Game\CDummyObject.h">
      <Filter>Header Files</Filter>
    </ClInclude>
    <ClInclude Include="Game\CDummyPed.h">
      <Filter>Header Files</Filter>
    </ClInclude>
    <ClInclude Include="Game\CEmergencyPed.h">
      <Filter>Header Files</Filter>
    </ClInclude>
    <ClInclude Include="Game\CEntity.h">
      <Filter>Header Files</Filter>
    </ClInclude>
    <ClInclude Include="Game\CEntityScanner.h">
      <Filter>Header Files</Filter>
    </ClInclude>
    <ClInclude Include="Game\CEntryExit.h">
      <Filter>Header Files</Filter>
    </ClInclude>
    <ClInclude Include="Game\CEntryExitManager.h">
      <Filter>Header Files</Filter>
    </ClInclude>
    <ClInclude Include="Game\CEventGroup.h">
      <Filter>Header Files</Filter>
    </ClInclude>
    <ClInclude Include="Game\CEventHandler.h">
      <Filter>Header Files</Filter>
    </ClInclude>
    <ClInclude Include="Game\CEventScanner.h">
      <Filter>Header Files</Filter>
    </ClInclude>
    <ClInclude Include="Game\CExplosion.h">
      <Filter>Header Files</Filter>
    </ClInclude>
    <ClInclude Include="Game\CFileLoader.h">
      <Filter>Header Files</Filter>
    </ClInclude>
    <ClInclude Include="Game\CFileMgr.h">
      <Filter>Header Files</Filter>
    </ClInclude>
    <ClInclude Include="Game\CFileObjectInstance.h">
      <Filter>Header Files</Filter>
    </ClInclude>
    <ClInclude Include="Game\CFire.h">
      <Filter>Header Files</Filter>
    </ClInclude>
    <ClInclude Include="Game\CFireManager.h">
      <Filter>Header Files</Filter>
    </ClInclude>
    <ClInclude Include="Game\CFont.h">
      <Filter>Header Files</Filter>
    </ClInclude>
    <ClInclude Include="Game\CGame.h">
      <Filter>Header Files</Filter>
    </ClInclude>
    <ClInclude Include="Game\CGamma.h">
      <Filter>Header Files</Filter>
    </ClInclude>
    <ClInclude Include="Game\CGarages.h">
      <Filter>Header Files</Filter>
    </ClInclude>
    <ClInclude Include="Game\CGeneral.h">
      <Filter>Header Files</Filter>
    </ClInclude>
    <ClInclude Include="Game\cHandlingDataMgr.h">
      <Filter>Header Files</Filter>
    </ClInclude>
    <ClInclude Include="Game\CHandObject.h">
      <Filter>Header Files</Filter>
    </ClInclude>
    <ClInclude Include="Game\CHeli.h">
      <Filter>Header Files</Filter>
    </ClInclude>
    <ClInclude Include="Game\CHud.h">
      <Filter>Header Files</Filter>
    </ClInclude>
    <ClInclude Include="Game\CHudColours.h">
      <Filter>Header Files</Filter>
    </ClInclude>
    <ClInclude Include="Game\CIniFile.h">
      <Filter>Header Files</Filter>
    </ClInclude>
    <ClInclude Include="Game\CIplStore.h">
      <Filter>Header Files</Filter>
    </ClInclude>
    <ClInclude Include="Game\CKeyGen.h">
      <Filter>Header Files</Filter>
    </ClInclude>
    <ClInclude Include="Game\CLink.h">
      <Filter>Header Files</Filter>
    </ClInclude>
    <ClInclude Include="Game\CLinkList.h">
      <Filter>Header Files</Filter>
    </ClInclude>
    <ClInclude Include="Game\CLoadedCarGroup.h">
      <Filter>Header Files</Filter>
    </ClInclude>
    <ClInclude Include="Game\CLoadingScreen.h">
      <Filter>Header Files</Filter>
    </ClInclude>
    <ClInclude Include="Game\CLocalisation.h">
      <Filter>Header Files</Filter>
    </ClInclude>
    <ClInclude Include="Game\CMatrix.h">
      <Filter>Header Files</Filter>
    </ClInclude>
    <ClInclude Include="Game\CMatrixLink.h">
      <Filter>Header Files</Filter>
    </ClInclude>
    <ClInclude Include="Game\CMenuManager.h">
      <Filter>Header Files</Filter>
    </ClInclude>
    <ClInclude Include="Game\CMenuSystem.h">
      <Filter>Header Files</Filter>
    </ClInclude>
    <ClInclude Include="Game\CMessages.h">
      <Filter>Header Files</Filter>
    </ClInclude>
    <ClInclude Include="Game\CMirrors.h">
      <Filter>Header Files</Filter>
    </ClInclude>
    <ClInclude Include="Game\CMissionCleanup.h">
      <Filter>Header Files</Filter>
    </ClInclude>
    <ClInclude Include="Game\CModelInfo.h">
      <Filter>Header Files</Filter>
    </ClInclude>
    <ClInclude Include="Game\CModelInfoAccelerator.h">
      <Filter>Header Files</Filter>
    </ClInclude>
    <ClInclude Include="Game\CMonsterTruck.h">
      <Filter>Header Files</Filter>
    </ClInclude>
    <ClInclude Include="Game\CMotionBlurStreaks.h">
      <Filter>Header Files</Filter>
    </ClInclude>
    <ClInclude Include="Game\CNodeAddress.h">
      <Filter>Header Files</Filter>
    </ClInclude>
    <ClInclude Include="Game\CObject.h">
      <Filter>Header Files</Filter>
    </ClInclude>
    <ClInclude Include="Game\CObjectInfo.h">
      <Filter>Header Files</Filter>
    </ClInclude>
    <ClInclude Include="Game\COctTree.h">
      <Filter>Header Files</Filter>
    </ClInclude>
    <ClInclude Include="Game\COctTreeBase.h">
      <Filter>Header Files</Filter>
    </ClInclude>
    <ClInclude Include="Game\common.h">
      <Filter>Header Files</Filter>
    </ClInclude>
    <ClInclude Include="Game\CompressedVector.h">
      <Filter>Header Files</Filter>
    </ClInclude>
    <ClInclude Include="Game\COnscreenTimer.h">
      <Filter>Header Files</Filter>
    </ClInclude>
    <ClInclude Include="Game\CPad.h">
      <Filter>Header Files</Filter>
    </ClInclude>
    <ClInclude Include="Game\CPathFind.h">
      <Filter>Header Files</Filter>
    </ClInclude>
    <ClInclude Include="Game\CPed.h">
      <Filter>Header Files</Filter>
    </ClInclude>
    <ClInclude Include="Game\CPedAcquaintance.h">
      <Filter>Header Files</Filter>
    </ClInclude>
    <ClInclude Include="Game\CPedClothesDesc.h">
      <Filter>Header Files</Filter>
    </ClInclude>
    <ClInclude Include="Game\CPedIK.h">
      <Filter>Header Files</Filter>
    </ClInclude>
    <ClInclude Include="Game\CPedIntelligence.h">
      <Filter>Header Files</Filter>
    </ClInclude>
    <ClInclude Include="Game\CPedModelInfo.h">
      <Filter>Header Files</Filter>
    </ClInclude>
    <ClInclude Include="Game\CPhysical.h">
      <Filter>Header Files</Filter>
    </ClInclude>
    <ClInclude Include="Game\CPickup.h">
      <Filter>Header Files</Filter>
    </ClInclude>
    <ClInclude Include="Game\CPickups.h">
      <Filter>Header Files</Filter>
    </ClInclude>
    <ClInclude Include="Game\CPlaceable.h">
      <Filter>Header Files</Filter>
    </ClInclude>
    <ClInclude Include="Game\CPlane.h">
      <Filter>Header Files</Filter>
    </ClInclude>
    <ClInclude Include="Game\CPlaneTrail.h">
      <Filter>Header Files</Filter>
    </ClInclude>
    <ClInclude Include="Game\CPlaneTrails.h">
      <Filter>Header Files</Filter>
    </ClInclude>
    <ClInclude Include="Game\CPlayerData.h">
      <Filter>Header Files</Filter>
    </ClInclude>
    <ClInclude Include="Game\CPlayerInfo.h">
      <Filter>Header Files</Filter>
    </ClInclude>
    <ClInclude Include="Game\CPlayerPed.h">
      <Filter>Header Files</Filter>
    </ClInclude>
    <ClInclude Include="Game\CPointLights.h">
      <Filter>Header Files</Filter>
    </ClInclude>
    <ClInclude Include="Game\CPolyBunch.h">
      <Filter>Header Files</Filter>
    </ClInclude>
    <ClInclude Include="Game\CPool.h">
      <Filter>Header Files</Filter>
    </ClInclude>
    <ClInclude Include="Game\CPools.h">
      <Filter>Header Files</Filter>
    </ClInclude>
    <ClInclude Include="Game\CPopCycle.h">
      <Filter>Header Files</Filter>
    </ClInclude>
    <ClInclude Include="Game\CPopulation.h">
      <Filter>Header Files</Filter>
    </ClInclude>
    <ClInclude Include="Game\CProjectile.h">
      <Filter>Header Files</Filter>
    </ClInclude>
    <ClInclude Include="Game\CProjectileInfo.h">
      <Filter>Header Files</Filter>
    </ClInclude>
    <ClInclude Include="Game\CPtrList.h">
      <Filter>Header Files</Filter>
    </ClInclude>
    <ClInclude Include="Game\CPtrListDoubleLink.h">
      <Filter>Header Files</Filter>
    </ClInclude>
    <ClInclude Include="Game\CPtrListSingleLink.h">
      <Filter>Header Files</Filter>
    </ClInclude>
    <ClInclude Include="Game\CPtrNode.h">
      <Filter>Header Files</Filter>
    </ClInclude>
    <ClInclude Include="Game\CPtrNodeDoubleLink.h">
      <Filter>Header Files</Filter>
    </ClInclude>
    <ClInclude Include="Game\CPtrNodeSingleLink.h">
      <Filter>Header Files</Filter>
    </ClInclude>
    <ClInclude Include="Game\CQuadBike.h">
      <Filter>Header Files</Filter>
    </ClInclude>
    <ClInclude Include="Game\CQuadTreeNode.h">
      <Filter>Header Files</Filter>
    </ClInclude>
    <ClInclude Include="Game\CQuaternion.h">
      <Filter>Header Files</Filter>
    </ClInclude>
    <ClInclude Include="Game\CQueuedMode.h">
      <Filter>Header Files</Filter>
    </ClInclude>
    <ClInclude Include="Game\CRadar.h">
      <Filter>Header Files</Filter>
    </ClInclude>
    <ClInclude Include="Game\CRealTimeShadow.h">
      <Filter>Header Files</Filter>
    </ClInclude>
    <ClInclude Include="Game\CRect.h">
      <Filter>Header Files</Filter>
    </ClInclude>
    <ClInclude Include="Game\CReference.h">
      <Filter>Header Files</Filter>
    </ClInclude>
    <ClInclude Include="Game\CReferences.h">
      <Filter>Header Files</Filter>
    </ClInclude>
    <ClInclude Include="Game\CRegisteredCorona.h">
      <Filter>Header Files</Filter>
    </ClInclude>
    <ClInclude Include="Game\CRegisteredMotionBlurStreak.h">
      <Filter>Header Files</Filter>
    </ClInclude>
    <ClInclude Include="Game\CRenderer.h">
      <Filter>Header Files</Filter>
    </ClInclude>
    <ClInclude Include="Game\CRepeatSector.h">
      <Filter>Header Files</Filter>
    </ClInclude>
    <ClInclude Include="Game\CRestart.h">
      <Filter>Header Files</Filter>
    </ClInclude>
    <ClInclude Include="Game\CRGBA.h">
      <Filter>Header Files</Filter>
    </ClInclude>
    <ClInclude Include="Game\CRideAnimData.h">
      <Filter>Header Files</Filter>
    </ClInclude>
    <ClInclude Include="Game\CRope.h">
      <Filter>Header Files</Filter>
    </ClInclude>
    <ClInclude Include="Game\CRopes.h">
      <Filter>Header Files</Filter>
    </ClInclude>
    <ClInclude Include="Game\CRunningScript.h">
      <Filter>Header Files</Filter>
    </ClInclude>
    <ClInclude Include="Game\CScene.h">
      <Filter>Header Files</Filter>
    </ClInclude>
    <ClInclude Include="Game\CSector.h">
      <Filter>Header Files</Filter>
    </ClInclude>
    <ClInclude Include="Game\CSetPiece.h">
      <Filter>Header Files</Filter>
    </ClInclude>
    <ClInclude Include="Game\CSetPieces.h">
      <Filter>Header Files</Filter>
    </ClInclude>
    <ClInclude Include="Game\CShadowCamera.h">
      <Filter>Header Files</Filter>
    </ClInclude>
    <ClInclude Include="Game\CShadows.h">
      <Filter>Header Files</Filter>
    </ClInclude>
    <ClInclude Include="Game\CShinyTexts.h">
      <Filter>Header Files</Filter>
    </ClInclude>
    <ClInclude Include="Game\CShotInfo.h">
      <Filter>Header Files</Filter>
    </ClInclude>
    <ClInclude Include="Game\CSimpleTransform.h">
      <Filter>Header Files</Filter>
    </ClInclude>
    <ClInclude Include="Game\CSpecialFX.h">
      <Filter>Header Files</Filter>
    </ClInclude>
    <ClInclude Include="Game\CSpecialPlateHandler.h">
      <Filter>Header Files</Filter>
    </ClInclude>
    <ClInclude Include="Game\CSphere.h">
      <Filter>Header Files</Filter>
    </ClInclude>
    <ClInclude Include="Game\CSprite.h">
      <Filter>Header Files</Filter>
    </ClInclude>
    <ClInclude Include="Game\CSprite2d.h">
      <Filter>Header Files</Filter>
    </ClInclude>
    <ClInclude Include="Game\CStats.h">
      <Filter>Header Files</Filter>
    </ClInclude>
    <ClInclude Include="Game\CStore.h">
      <Filter>Header Files</Filter>
    </ClInclude>
    <ClInclude Include="Game\CStoredCollPoly.h">
      <Filter>Header Files</Filter>
    </ClInclude>
    <ClInclude Include="Game\CStreaming.h">
      <Filter>Header Files</Filter>
    </ClInclude>
    <ClInclude Include="Game\CStreamingInfo.h">
      <Filter>Header Files</Filter>
    </ClInclude>
    <ClInclude Include="Game\CTask.h">
      <Filter>Header Files</Filter>
    </ClInclude>
    <ClInclude Include="Game\CTaskComplex.h">
      <Filter>Header Files</Filter>
    </ClInclude>
    <ClInclude Include="Game\CTaskComplexCopInCar.h">
      <Filter>Header Files</Filter>
    </ClInclude>
    <ClInclude Include="Game\CTaskComplexDie.h">
      <Filter>Header Files</Filter>
    </ClInclude>
    <ClInclude Include="Game\CTaskComplexEnterBoatAsDriver.h">
      <Filter>Header Files</Filter>
    </ClInclude>
    <ClInclude Include="Game\CTaskComplexEnterCar.h">
      <Filter>Header Files</Filter>
    </ClInclude>
    <ClInclude Include="Game\CTaskComplexEnterCarAsDriver.h">
      <Filter>Header Files</Filter>
    </ClInclude>
    <ClInclude Include="Game\CTaskComplexEnterCarAsPassenger.h">
      <Filter>Header Files</Filter>
    </ClInclude>
    <ClInclude Include="Game\CTaskComplexFacial.h">
      <Filter>Header Files</Filter>
    </ClInclude>
    <ClInclude Include="Game\CTaskComplexKillPedFromBoat.h">
      <Filter>Header Files</Filter>
    </ClInclude>
    <ClInclude Include="Game\CTaskComplexKillPedOnFoot.h">
      <Filter>Header Files</Filter>
    </ClInclude>
    <ClInclude Include="Game\CTaskComplexLeaveCar.h">
      <Filter>Header Files</Filter>
    </ClInclude>
    <ClInclude Include="Game\CTaskComplexPlayHandSignalAnim.h">
      <Filter>Header Files</Filter>
    </ClInclude>
    <ClInclude Include="Game\CTaskComplexProstituteSolicit.h">
      <Filter>Header Files</Filter>
    </ClInclude>
    <ClInclude Include="Game\CTaskComplexSunbathe.h">
      <Filter>Header Files</Filter>
    </ClInclude>
    <ClInclude Include="Game\CTaskComplexUseMobilePhone.h">
      <Filter>Header Files</Filter>
    </ClInclude>
    <ClInclude Include="Game\CTaskComplexWander.h">
      <Filter>Header Files</Filter>
    </ClInclude>
    <ClInclude Include="Game\CTaskComplexWanderStandard.h">
      <Filter>Header Files</Filter>
    </ClInclude>
    <ClInclude Include="Game\CTaskManager.h">
      <Filter>Header Files</Filter>
    </ClInclude>
    <ClInclude Include="Game\CTaskSimple.h">
      <Filter>Header Files</Filter>
    </ClInclude>
    <ClInclude Include="Game\CTaskSimpleAnim.h">
      <Filter>Header Files</Filter>
    </ClInclude>
    <ClInclude Include="Game\CTaskSimpleCarSetPedInAsDriver.h">
      <Filter>Header Files</Filter>
    </ClInclude>
    <ClInclude Include="Game\CTaskSimpleCarSetPedInAsPassenger.h">
      <Filter>Header Files</Filter>
    </ClInclude>
    <ClInclude Include="Game\CTaskSimpleCarSetPedOut.h">
      <Filter>Header Files</Filter>
    </ClInclude>
    <ClInclude Include="Game\CTaskSimpleChoking.h">
      <Filter>Header Files</Filter>
    </ClInclude>
    <ClInclude Include="Game\CTaskSimpleClimb.h">
      <Filter>Header Files</Filter>
    </ClInclude>
    <ClInclude Include="Game\CTaskSimpleDuck.h">
      <Filter>Header Files</Filter>
    </ClInclude>
    <ClInclude Include="Game\CTaskSimpleFacial.h">
      <Filter>Header Files</Filter>
    </ClInclude>
    <ClInclude Include="Game\CTaskSimpleFight.h">
      <Filter>Header Files</Filter>
    </ClInclude>
    <ClInclude Include="Game\CTaskSimpleGangDriveBy.h">
      <Filter>Header Files</Filter>
    </ClInclude>
    <ClInclude Include="Game\CTaskSimpleHoldEntity.h">
      <Filter>Header Files</Filter>
    </ClInclude>
    <ClInclude Include="Game\CTaskSimpleIKChain.h">
      <Filter>Header Files</Filter>
    </ClInclude>
    <ClInclude Include="Game\CTaskSimpleIKLookAt.h">
      <Filter>Header Files</Filter>
    </ClInclude>
    <ClInclude Include="Game\CTaskSimpleIKManager.h">
      <Filter>Header Files</Filter>
    </ClInclude>
    <ClInclude Include="Game\CTaskSimpleInAir.h">
      <Filter>Header Files</Filter>
    </ClInclude>
    <ClInclude Include="Game\CTaskSimpleJetpack.h">
      <Filter>Header Files</Filter>
    </ClInclude>
    <ClInclude Include="Game\CTaskSimplePlayerOnFoot.h">
      <Filter>Header Files</Filter>
    </ClInclude>
    <ClInclude Include="Game\CTaskSimpleRunAnim.h">
      <Filter>Header Files</Filter>
    </ClInclude>
    <ClInclude Include="Game\CTaskSimpleRunNamedAnim.h">
      <Filter>Header Files</Filter>
    </ClInclude>
    <ClInclude Include="Game\CTaskSimpleStandStill.h">
      <Filter>Header Files</Filter>
    </ClInclude>
    <ClInclude Include="Game\CTaskSimpleStealthKill.h">
      <Filter>Header Files</Filter>
    </ClInclude>
    <ClInclude Include="Game\CTaskSimpleSwim.h">
      <Filter>Header Files</Filter>
    </ClInclude>
    <ClInclude Include="Game\CTaskSimpleThrowProjectile.h">
      <Filter>Header Files</Filter>
    </ClInclude>
    <ClInclude Include="Game\CTaskSimpleTriggerLookAt.h">
      <Filter>Header Files</Filter>
    </ClInclude>
    <ClInclude Include="Game\CTaskSimpleUseGun.h">
      <Filter>Header Files</Filter>
    </ClInclude>
    <ClInclude Include="Game\CTaskTimer.h">
      <Filter>Header Files</Filter>
    </ClInclude>
    <ClInclude Include="Game\CTaskUtilityLineUpPedWithCar.h">
      <Filter>Header Files</Filter>
    </ClInclude>
    <ClInclude Include="Game\CText.h">
      <Filter>Header Files</Filter>
    </ClInclude>
    <ClInclude Include="Game\CTheCarGenerators.h">
      <Filter>Header Files</Filter>
    </ClInclude>
    <ClInclude Include="Game\CTheScripts.h">
      <Filter>Header Files</Filter>
    </ClInclude>
    <ClInclude Include="Game\CTheZones.h">
      <Filter>Header Files</Filter>
    </ClInclude>
    <ClInclude Include="Game\CTimeCycle.h">
      <Filter>Header Files</Filter>
    </ClInclude>
    <ClInclude Include="Game\CTimeCycleBox.h">
      <Filter>Header Files</Filter>
    </ClInclude>
    <ClInclude Include="Game\CTimeModelInfo.h">
      <Filter>Header Files</Filter>
    </ClInclude>
    <ClInclude Include="Game\CTimer.h">
      <Filter>Header Files</Filter>
    </ClInclude>
    <ClInclude Include="Game\CTrailer.h">
      <Filter>Header Files</Filter>
    </ClInclude>
    <ClInclude Include="Game\CTrain.h">
      <Filter>Header Files</Filter>
    </ClInclude>
    <ClInclude Include="Game\CTrainNode.h">
      <Filter>Header Files</Filter>
    </ClInclude>
    <ClInclude Include="Game\cTransmission.h">
      <Filter>Header Files</Filter>
    </ClInclude>
    <ClInclude Include="Game\CTxdStore.h">
      <Filter>Header Files</Filter>
    </ClInclude>
    <ClInclude Include="Game\CUserDisplay.h">
      <Filter>Header Files</Filter>
    </ClInclude>
    <ClInclude Include="Game\CVector.h">
      <Filter>Header Files</Filter>
    </ClInclude>
    <ClInclude Include="Game\CVector2D.h">
      <Filter>Header Files</Filter>
    </ClInclude>
    <ClInclude Include="Game\CVehicle.h">
      <Filter>Header Files</Filter>
    </ClInclude>
    <ClInclude Include="Game\CVehicleModelInfo.h">
      <Filter>Header Files</Filter>
    </ClInclude>
    <ClInclude Include="Game\CVisibilityPlugins.h">
      <Filter>Header Files</Filter>
    </ClInclude>
    <ClInclude Include="Game\CWanted.h">
      <Filter>Header Files</Filter>
    </ClInclude>
    <ClInclude Include="Game\CWeapon.h">
      <Filter>Header Files</Filter>
    </ClInclude>
    <ClInclude Include="Game\CWeaponEffects.h">
      <Filter>Header Files</Filter>
    </ClInclude>
    <ClInclude Include="Game\CWeaponInfo.h">
      <Filter>Header Files</Filter>
    </ClInclude>
    <ClInclude Include="Game\CWeaponModelInfo.h">
      <Filter>Header Files</Filter>
    </ClInclude>
    <ClInclude Include="Game\CWeather.h">
      <Filter>Header Files</Filter>
    </ClInclude>
    <ClInclude Include="Game\CWorld.h">
      <Filter>Header Files</Filter>
    </ClInclude>
    <ClInclude Include="Game\CZone.h">
      <Filter>Header Files</Filter>
    </ClInclude>
    <ClInclude Include="Game\CZoneInfo.h">
      <Filter>Header Files</Filter>
    </ClInclude>
    <ClInclude Include="Game\D3DIndexDataBuffer.h">
      <Filter>Header Files</Filter>
    </ClInclude>
    <ClInclude Include="Game\D3DResourceSystem.h">
      <Filter>Header Files</Filter>
    </ClInclude>
    <ClInclude Include="Game\D3DTextureBuffer.h">
      <Filter>Header Files</Filter>
    </ClInclude>
    <ClInclude Include="Game\eAudioEvents.h">
      <Filter>Header Files</Filter>
    </ClInclude>
    <ClInclude Include="Game\eCamMode.h">
      <Filter>Header Files</Filter>
    </ClInclude>
    <ClInclude Include="Game\eClothesModelPart.h">
      <Filter>Header Files</Filter>
    </ClInclude>
    <ClInclude Include="Game\eClothesTexturePart.h">
      <Filter>Header Files</Filter>
    </ClInclude>
    <ClInclude Include="Game\eCopType.h">
      <Filter>Header Files</Filter>
    </ClInclude>
    <ClInclude Include="Game\eCrimeType.h">
      <Filter>Header Files</Filter>
    </ClInclude>
    <ClInclude Include="Game\eDecisionMakerEvents.h">
      <Filter>Header Files</Filter>
    </ClInclude>
    <ClInclude Include="Game\eEntityStatus.h">
      <Filter>Header Files</Filter>
    </ClInclude>
    <ClInclude Include="Game\eEntityType.h">
      <Filter>Header Files</Filter>
    </ClInclude>
    <ClInclude Include="Game\eEventType.h">
      <Filter>Header Files</Filter>
    </ClInclude>
    <ClInclude Include="Game\eModelID.h">
      <Filter>Header Files</Filter>
    </ClInclude>
    <ClInclude Include="Game\ePadButtons.h">
      <Filter>Header Files</Filter>
    </ClInclude>
    <ClInclude Include="Game\ePedAnims.h">
      <Filter>Header Files</Filter>
    </ClInclude>
    <ClInclude Include="Game\ePedBones.h">
      <Filter>Header Files</Filter>
    </ClInclude>
    <ClInclude Include="Game\ePedModel.h">
      <Filter>Header Files</Filter>
    </ClInclude>
    <ClInclude Include="Game\ePedPieceTypes.h">
      <Filter>Header Files</Filter>
    </ClInclude>
    <ClInclude Include="Game\ePedState.h">
      <Filter>Header Files</Filter>
    </ClInclude>
    <ClInclude Include="Game\ePedType.h">
      <Filter>Header Files</Filter>
    </ClInclude>
    <ClInclude Include="Game\eScriptCommands.h">
      <Filter>Header Files</Filter>
    </ClInclude>
    <ClInclude Include="Game\eSprintType.h">
      <Filter>Header Files</Filter>
    </ClInclude>
    <ClInclude Include="Game\eStatModAbilities.h">
      <Filter>Header Files</Filter>
    </ClInclude>
    <ClInclude Include="Game\eStats.h">
      <Filter>Header Files</Filter>
    </ClInclude>
    <ClInclude Include="Game\eStatsReactions.h">
      <Filter>Header Files</Filter>
    </ClInclude>
    <ClInclude Include="Game\eSurfaceType.h">
      <Filter>Header Files</Filter>
    </ClInclude>
    <ClInclude Include="Game\eTaskType.h">
      <Filter>Header Files</Filter>
    </ClInclude>
    <ClInclude Include="Game\eVehicleHandlingFlags.h">
      <Filter>Header Files</Filter>
    </ClInclude>
    <ClInclude Include="Game\eVehicleHandlingModelFlags.h">
      <Filter>Header Files</Filter>
    </ClInclude>
    <ClInclude Include="Game\eWeaponFire.h">
      <Filter>Header Files</Filter>
    </ClInclude>
    <ClInclude Include="Game\eWeaponFlags.h">
      <Filter>Header Files</Filter>
    </ClInclude>
    <ClInclude Include="Game\eWeaponModel.h">
      <Filter>Header Files</Filter>
    </ClInclude>
    <ClInclude Include="Game\eWeaponType.h">
      <Filter>Header Files</Filter>
    </ClInclude>
    <ClInclude Include="Game\eWinchType.h">
      <Filter>Header Files</Filter>
    </ClInclude>
    <ClInclude Include="Game\Fx_c.h">
      <Filter>Header Files</Filter>
    </ClInclude>
    <ClInclude Include="Game\FxBox_c.h">
      <Filter>Header Files</Filter>
    </ClInclude>
    <ClInclude Include="Game\FxEmitterBP_c.h">
      <Filter>Header Files</Filter>
    </ClInclude>
    <ClInclude Include="Game\FxFrustumInfo_c.h">
      <Filter>Header Files</Filter>
    </ClInclude>
    <ClInclude Include="Game\FxInfoManager_c.h">
      <Filter>Header Files</Filter>
    </ClInclude>
    <ClInclude Include="Game\FxManager_c.h">
      <Filter>Header Files</Filter>
    </ClInclude>
    <ClInclude Include="Game\FxMemoryPool_c.h">
      <Filter>Header Files</Filter>
    </ClInclude>
    <ClInclude Include="Game\FxPlane_c.h">
      <Filter>Header Files</Filter>
    </ClInclude>
    <ClInclude Include="Game\FxPrimBP_c.h">
      <Filter>Header Files</Filter>
    </ClInclude>
    <ClInclude Include="Game\FxPrtMult_c.h">
      <Filter>Header Files</Filter>
    </ClInclude>
    <ClInclude Include="Game\FxSphere_c.h">
      <Filter>Header Files</Filter>
    </ClInclude>
    <ClInclude Include="Game\FxSystem_c.h">
      <Filter>Header Files</Filter>
    </ClInclude>
    <ClInclude Include="Game\FxSystemBP_c.h">
      <Filter>Header Files</Filter>
    </ClInclude>
    <ClInclude Include="Game\IplDef.h">
      <Filter>Header Files</Filter>
    </ClInclude>
    <ClInclude Include="Game\JPegCompress.h">
      <Filter>Header Files</Filter>
    </ClInclude>
    <ClInclude Include="Game\List_c.h">
      <Filter>Header Files</Filter>
    </ClInclude>
    <ClInclude Include="Game\ListItem_c.h">
      <Filter>Header Files</Filter>
    </ClInclude>
    <ClInclude Include="Game\NodeName.h">
      <Filter>Header Files</Filter>
    </ClInclude>
    <ClInclude Include="Game\PipelinePlugin.h">
      <Filter>Header Files</Filter>
    </ClInclude>
    <ClInclude Include="Game\PluginBase.h">
      <Filter>Header Files</Filter>
    </ClInclude>
    <ClInclude Include="Game\RenderWare.h">
      <Filter>Header Files</Filter>
    </ClInclude>
    <ClInclude Include="Game\RpHAnimBlendInterpFrame.h">
      <Filter>Header Files</Filter>
    </ClInclude>
    <ClInclude Include="Game\RwObjectNameIdAssocation.h">
      <Filter>Header Files</Filter>
    </ClInclude>
    <ClInclude Include="Game\SArray.h">
      <Filter>Header Files</Filter>
    </ClInclude>
    <ClInclude Include="Game\tBikeHandlingData.h">
      <Filter>Header Files</Filter>
    </ClInclude>
    <ClInclude Include="Game\tBinaryIplFile.h">
      <Filter>Header Files</Filter>
    </ClInclude>
    <ClInclude Include="Game\tBoatHandlingData.h">
      <Filter>Header Files</Filter>
    </ClInclude>
    <ClInclude Include="Game\tFlyingHandlingData.h">
      <Filter>Header Files</Filter>
    </ClInclude>
    <ClInclude Include="Game\tHandlingData.h">
      <Filter>Header Files</Filter>
    </ClInclude>
    <ClInclude Include="Game\tPickupMessage.h">
      <Filter>Header Files</Filter>
    </ClInclude>
    <ClInclude Include="Game\tTransmissionGear.h">
      <Filter>Header Files</Filter>
    </ClInclude>
    <ClInclude Include="Game\TxdDef.h">
      <Filter>Header Files</Filter>
    </ClInclude>
  </ItemGroup>
  <ItemGroup>
    <ClCompile Include="src\C3dMarker.cpp">
      <Filter>Source Files</Filter>
    </ClCompile>
    <ClCompile Include="src\C3dMarkers.cpp">
      <Filter>Source Files</Filter>
    </ClCompile>
    <ClCompile Include="src\CAEAudioEntity.cpp">
      <Filter>Source Files</Filter>
    </ClCompile>
    <ClCompile Include="src\CAERadioTrackManager.cpp">
      <Filter>Source Files</Filter>
    </ClCompile>
    <ClCompile Include="src\CAESound.cpp">
      <Filter>Source Files</Filter>
    </ClCompile>
    <ClCompile Include="src\CAEWeaponAudioEntity.cpp">
      <Filter>Source Files</Filter>
    </ClCompile>
    <ClCompile Include="src\CAEWeatherAudioEntity.cpp">
      <Filter>Source Files</Filter>
    </ClCompile>
    <ClCompile Include="src\CAnimatedBuilding.cpp">
      <Filter>Source Files</Filter>
    </ClCompile>
    <ClCompile Include="src\CAnimBlendAssocGroup.cpp">
      <Filter>Source Files</Filter>
    </ClCompile>
    <ClCompile Include="src\CAnimBlendAssociation.cpp">
      <Filter>Source Files</Filter>
    </ClCompile>
    <ClCompile Include="src\CAnimBlendHierarchy.cpp">
      <Filter>Source Files</Filter>
    </ClCompile>
    <ClCompile Include="src\CAnimBlendNode.cpp">
      <Filter>Source Files</Filter>
    </ClCompile>
    <ClCompile Include="src\CAnimBlendSequence.cpp">
      <Filter>Source Files</Filter>
    </ClCompile>
    <ClCompile Include="src\CAnimBlendStaticAssociation.cpp">
      <Filter>Source Files</Filter>
    </ClCompile>
    <ClCompile Include="src\CAnimManager.cpp">
      <Filter>Source Files</Filter>
    </ClCompile>
    <ClCompile Include="src\CAtomicModelInfo.cpp">
      <Filter>Source Files</Filter>
    </ClCompile>
    <ClCompile Include="src\CAutomobile.cpp">
      <Filter>Source Files</Filter>
    </ClCompile>
    <ClCompile Include="src\CBaseModelInfo.cpp">
      <Filter>Source Files</Filter>
    </ClCompile>
    <ClCompile Include="src\CBike.cpp">
      <Filter>Source Files</Filter>
    </ClCompile>
    <ClCompile Include="src\CBirds.cpp">
      <Filter>Source Files</Filter>
    </ClCompile>
    <ClCompile Include="src\CBmx.cpp">
      <Filter>Source Files</Filter>
    </ClCompile>
    <ClCompile Include="src\CBoat.cpp">
      <Filter>Source Files</Filter>
    </ClCompile>
    <ClCompile Include="src\CBouncingPanel.cpp">
      <Filter>Source Files</Filter>
    </ClCompile>
    <ClCompile Include="src\CBoundingBox.cpp">
      <Filter>Source Files</Filter>
    </ClCompile>
    <ClCompile Include="src\CBox.cpp">
      <Filter>Source Files</Filter>
    </ClCompile>
    <ClCompile Include="src\CBrightLights.cpp">
      <Filter>Source Files</Filter>
    </ClCompile>
    <ClCompile Include="src\CBuilding.cpp">
      <Filter>Source Files</Filter>
    </ClCompile>
    <ClCompile Include="src\CBulletInfo.cpp">
      <Filter>Source Files</Filter>
    </ClCompile>
    <ClCompile Include="src\CBulletTrace.cpp">
      <Filter>Source Files</Filter>
    </ClCompile>
    <ClCompile Include="src\CBulletTraces.cpp">
      <Filter>Source Files</Filter>
    </ClCompile>
    <ClCompile Include="src\CCamera.cpp">
      <Filter>Source Files</Filter>
    </ClCompile>
    <ClCompile Include="src\CCarAI.cpp">
      <Filter>Source Files</Filter>
    </ClCompile>
    <ClCompile Include="src\CCarCtrl.cpp">
      <Filter>Source Files</Filter>
    </ClCompile>
    <ClCompile Include="src\CCarEnterExit.cpp">
      <Filter>Source Files</Filter>
    </ClCompile>
    <ClCompile Include="src\CCarGenerator.cpp">
      <Filter>Source Files</Filter>
    </ClCompile>
    <ClCompile Include="src\CCheat.cpp">
      <Filter>Source Files</Filter>
    </ClCompile>
    <ClCompile Include="src\CCheckpoint.cpp">
      <Filter>Source Files</Filter>
    </ClCompile>
    <ClCompile Include="src\CCheckpoints.cpp">
      <Filter>Source Files</Filter>
    </ClCompile>
    <ClCompile Include="src\CCivilianPed.cpp">
      <Filter>Source Files</Filter>
    </ClCompile>
    <ClCompile Include="src\CClock.cpp">
      <Filter>Source Files</Filter>
    </ClCompile>
    <ClCompile Include="src\CClothes.cpp">
      <Filter>Source Files</Filter>
    </ClCompile>
    <ClCompile Include="src\CClothesBuilder.cpp">
      <Filter>Source Files</Filter>
    </ClCompile>
    <ClCompile Include="src\CClouds.cpp">
      <Filter>Source Files</Filter>
    </ClCompile>
    <ClCompile Include="src\CClumpModelInfo.cpp">
      <Filter>Source Files</Filter>
    </ClCompile>
    <ClCompile Include="src\CColBox.cpp">
      <Filter>Source Files</Filter>
    </ClCompile>
    <ClCompile Include="src\CColDisk.cpp">
      <Filter>Source Files</Filter>
    </ClCompile>
    <ClCompile Include="src\CColLine.cpp">
      <Filter>Source Files</Filter>
    </ClCompile>
    <ClCompile Include="src\CCollision.cpp">
      <Filter>Source Files</Filter>
    </ClCompile>
    <ClCompile Include="src\CCollisionData.cpp">
      <Filter>Source Files</Filter>
    </ClCompile>
    <ClCompile Include="src\CColModel.cpp">
      <Filter>Source Files</Filter>
    </ClCompile>
    <ClCompile Include="src\CColourSet.cpp">
      <Filter>Source Files</Filter>
    </ClCompile>
    <ClCompile Include="src\CColPoint.cpp">
      <Filter>Source Files</Filter>
    </ClCompile>
    <ClCompile Include="src\CColSphere.cpp">
      <Filter>Source Files</Filter>
    </ClCompile>
    <ClCompile Include="src\CColTriangle.cpp">
      <Filter>Source Files</Filter>
    </ClCompile>
    <ClCompile Include="src\CColTrianglePlane.cpp">
      <Filter>Source Files</Filter>
    </ClCompile>
    <ClCompile Include="src\CControllerConfigManager.cpp">
      <Filter>Source Files</Filter>
    </ClCompile>
    <ClCompile Include="src\CCopPed.cpp">
      <Filter>Source Files</Filter>
    </ClCompile>
    <ClCompile Include="src\CCoronas.cpp">
      <Filter>Source Files</Filter>
    </ClCompile>
    <ClCompile Include="src\CCredits.cpp">
      <Filter>Source Files</Filter>
    </ClCompile>
    <ClCompile Include="src\CCreepingFire.cpp">
      <Filter>Source Files</Filter>
    </ClCompile>
    <ClCompile Include="src\CCustomCarEnvMapPipeline.cpp">
      <Filter>Source Files</Filter>
    </ClCompile>
    <ClCompile Include="src\CCustomCarPlateMgr.cpp">
      <Filter>Source Files</Filter>
    </ClCompile>
    <ClCompile Include="src\CCutsceneMgr.cpp">
      <Filter>Source Files</Filter>
    </ClCompile>
    <ClCompile Include="src\CCutsceneObject.cpp">
      <Filter>Source Files</Filter>
    </ClCompile>
    <ClCompile Include="src\CDamageManager.cpp">
      <Filter>Source Files</Filter>
    </ClCompile>
    <ClCompile Include="src\CDarkel.cpp">
      <Filter>Source Files</Filter>
    </ClCompile>
    <ClCompile Include="src\CDecision.cpp">
      <Filter>Source Files</Filter>
    </ClCompile>
    <ClCompile Include="src\CDecisionSimple.cpp">
      <Filter>Source Files</Filter>
    </ClCompile>
    <ClCompile Include="src\CDirectory.cpp">
      <Filter>Source Files</Filter>
    </ClCompile>
    <ClCompile Include="src\CDoor.cpp">
      <Filter>Source Files</Filter>
    </ClCompile>
    <ClCompile Include="src\CDraw.cpp">
      <Filter>Source Files</Filter>
    </ClCompile>
    <ClCompile Include="src\CDummy.cpp">
      <Filter>Source Files</Filter>
    </ClCompile>
    <ClCompile Include="src\CDummyObject.cpp">
      <Filter>Source Files</Filter>
    </ClCompile>
    <ClCompile Include="src\CDummyPed.cpp">
      <Filter>Source Files</Filter>
    </ClCompile>
    <ClCompile Include="src\CEmergencyPed.cpp">
      <Filter>Source Files</Filter>
    </ClCompile>
    <ClCompile Include="src\CEntity.cpp">
      <Filter>Source Files</Filter>
    </ClCompile>
    <ClCompile Include="src\CEntryExit.cpp">
      <Filter>Source Files</Filter>
    </ClCompile>
    <ClCompile Include="src\CEntryExitManager.cpp">
      <Filter>Source Files</Filter>
    </ClCompile>
    <ClCompile Include="src\CExplosion.cpp">
      <Filter>Source Files</Filter>
    </ClCompile>
    <ClCompile Include="src\CFileLoader.cpp">
      <Filter>Source Files</Filter>
    </ClCompile>
    <ClCompile Include="src\CFileMgr.cpp">
      <Filter>Source Files</Filter>
    </ClCompile>
    <ClCompile Include="src\CFire.cpp">
      <Filter>Source Files</Filter>
    </ClCompile>
    <ClCompile Include="src\CFireManager.cpp">
      <Filter>Source Files</Filter>
    </ClCompile>
    <ClCompile Include="src\CFont.cpp">
      <Filter>Source Files</Filter>
    </ClCompile>
    <ClCompile Include="src\CGame.cpp">
      <Filter>Source Files</Filter>
    </ClCompile>
    <ClCompile Include="src\CGamma.cpp">
      <Filter>Source Files</Filter>
    </ClCompile>
    <ClCompile Include="src\CGarages.cpp">
      <Filter>Source Files</Filter>
    </ClCompile>
    <ClCompile Include="src\CGeneral.cpp">
      <Filter>Source Files</Filter>
    </ClCompile>
    <ClCompile Include="src\cHandlingDataMgr.cpp">
      <Filter>Source Files</Filter>
    </ClCompile>
    <ClCompile Include="src\CHandObject.cpp">
      <Filter>Source Files</Filter>
    </ClCompile>
    <ClCompile Include="src\CHeli.cpp">
      <Filter>Source Files</Filter>
    </ClCompile>
    <ClCompile Include="src\CHud.cpp">
      <Filter>Source Files</Filter>
    </ClCompile>
    <ClCompile Include="src\CHudColours.cpp">
      <Filter>Source Files</Filter>
    </ClCompile>
    <ClCompile Include="src\CIniFile.cpp">
      <Filter>Source Files</Filter>
    </ClCompile>
    <ClCompile Include="src\CIplStore.cpp">
      <Filter>Source Files</Filter>
    </ClCompile>
    <ClCompile Include="src\CKeyGen.cpp">
      <Filter>Source Files</Filter>
    </ClCompile>
    <ClCompile Include="src\CLoadedCarGroup.cpp">
      <Filter>Source Files</Filter>
    </ClCompile>
    <ClCompile Include="src\CLoadingScreen.cpp">
      <Filter>Source Files</Filter>
    </ClCompile>
    <ClCompile Include="src\CLocalisation.cpp">
      <Filter>Source Files</Filter>
    </ClCompile>
    <ClCompile Include="src\CMatrix.cpp">
      <Filter>Source Files</Filter>
    </ClCompile>
    <ClCompile Include="src\CMatrixLink.cpp">
      <Filter>Source Files</Filter>
    </ClCompile>
    <ClCompile Include="src\CMenuManager.cpp">
      <Filter>Source Files</Filter>
    </ClCompile>
    <ClCompile Include="src\CMenuSystem.cpp">
      <Filter>Source Files</Filter>
    </ClCompile>
    <ClCompile Include="src\CMessages.cpp">
      <Filter>Source Files</Filter>
    </ClCompile>
    <ClCompile Include="src\CMirrors.cpp">
      <Filter>Source Files</Filter>
    </ClCompile>
    <ClCompile Include="src\CMissionCleanup.cpp">
      <Filter>Source Files</Filter>
    </ClCompile>
    <ClCompile Include="src\CModelInfo.cpp">
      <Filter>Source Files</Filter>
    </ClCompile>
    <ClCompile Include="src\CModelInfoAccelerator.cpp">
      <Filter>Source Files</Filter>
    </ClCompile>
    <ClCompile Include="src\CMonsterTruck.cpp">
      <Filter>Source Files</Filter>
    </ClCompile>
    <ClCompile Include="src\CMotionBlurStreaks.cpp">
      <Filter>Source Files</Filter>
    </ClCompile>
    <ClCompile Include="src\CObject.cpp">
      <Filter>Source Files</Filter>
    </ClCompile>
    <ClCompile Include="src\COctTree.cpp">
      <Filter>Source Files</Filter>
    </ClCompile>
    <ClCompile Include="src\COctTreeBase.cpp">
      <Filter>Source Files</Filter>
    </ClCompile>
    <ClCompile Include="src\common.cpp">
      <Filter>Source Files</Filter>
    </ClCompile>
    <ClCompile Include="src\CompressedVector.cpp">
      <Filter>Source Files</Filter>
    </ClCompile>
    <ClCompile Include="src\CPad.cpp">
      <Filter>Source Files</Filter>
    </ClCompile>
    <ClCompile Include="src\CPathFind.cpp">
      <Filter>Source Files</Filter>
    </ClCompile>
    <ClCompile Include="src\CPed.cpp">
      <Filter>Source Files</Filter>
    </ClCompile>
    <ClCompile Include="src\CPedClothesDesc.cpp">
      <Filter>Source Files</Filter>
    </ClCompile>
    <ClCompile Include="src\CPedIK.cpp">
      <Filter>Source Files</Filter>
    </ClCompile>
    <ClCompile Include="src\CPedIntelligence.cpp">
      <Filter>Source Files</Filter>
    </ClCompile>
    <ClCompile Include="src\CPedModelInfo.cpp">
      <Filter>Source Files</Filter>
    </ClCompile>
    <ClCompile Include="src\CPhysical.cpp">
      <Filter>Source Files</Filter>
    </ClCompile>
    <ClCompile Include="src\CPickup.cpp">
      <Filter>Source Files</Filter>
    </ClCompile>
    <ClCompile Include="src\CPickups.cpp">
      <Filter>Source Files</Filter>
    </ClCompile>
    <ClCompile Include="src\CPlaceable.cpp">
      <Filter>Source Files</Filter>
    </ClCompile>
    <ClCompile Include="src\CPlane.cpp">
      <Filter>Source Files</Filter>
    </ClCompile>
    <ClCompile Include="src\CPlaneTrail.cpp">
      <Filter>Source Files</Filter>
    </ClCompile>
    <ClCompile Include="src\CPlaneTrails.cpp">
      <Filter>Source Files</Filter>
    </ClCompile>
    <ClCompile Include="src\CPlayerPed.cpp">
      <Filter>Source Files</Filter>
    </ClCompile>
    <ClCompile Include="src\CPointLights.cpp">
      <Filter>Source Files</Filter>
    </ClCompile>
    <ClCompile Include="src\CPolyBunch.cpp">
      <Filter>Source Files</Filter>
    </ClCompile>
    <ClCompile Include="src\CPools.cpp">
      <Filter>Source Files</Filter>
    </ClCompile>
    <ClCompile Include="src\CPopCycle.cpp">
      <Filter>Source Files</Filter>
    </ClCompile>
    <ClCompile Include="src\CPopulation.cpp">
      <Filter>Source Files</Filter>
    </ClCompile>
    <ClCompile Include="src\CProjectile.cpp">
      <Filter>Source Files</Filter>
    </ClCompile>
    <ClCompile Include="src\CProjectileInfo.cpp">
      <Filter>Source Files</Filter>
    </ClCompile>
    <ClCompile Include="src\CPtrList.cpp">
      <Filter>Source Files</Filter>
    </ClCompile>
    <ClCompile Include="src\CPtrListDoubleLink.cpp">
      <Filter>Source Files</Filter>
    </ClCompile>
    <ClCompile Include="src\CPtrListSingleLink.cpp">
      <Filter>Source Files</Filter>
    </ClCompile>
    <ClCompile Include="src\CPtrNodeDoubleLink.cpp">
      <Filter>Source Files</Filter>
    </ClCompile>
    <ClCompile Include="src\CPtrNodeSingleLink.cpp">
      <Filter>Source Files</Filter>
    </ClCompile>
    <ClCompile Include="src\CQuadBike.cpp">
      <Filter>Source Files</Filter>
    </ClCompile>
    <ClCompile Include="src\CQuadTreeNode.cpp">
      <Filter>Source Files</Filter>
    </ClCompile>
    <ClCompile Include="src\CQuaternion.cpp">
      <Filter>Source Files</Filter>
    </ClCompile>
    <ClCompile Include="src\CRadar.cpp">
      <Filter>Source Files</Filter>
    </ClCompile>
    <ClCompile Include="src\CRealTimeShadow.cpp">
      <Filter>Source Files</Filter>
    </ClCompile>
    <ClCompile Include="src\CRect.cpp">
      <Filter>Source Files</Filter>
    </ClCompile>
    <ClCompile Include="src\CReferences.cpp">
      <Filter>Source Files</Filter>
    </ClCompile>
    <ClCompile Include="src\CRegisteredCorona.cpp">
      <Filter>Source Files</Filter>
    </ClCompile>
    <ClCompile Include="src\CRegisteredMotionBlurStreak.cpp">
      <Filter>Source Files</Filter>
    </ClCompile>
    <ClCompile Include="src\CRenderer.cpp">
      <Filter>Source Files</Filter>
    </ClCompile>
    <ClCompile Include="src\CRestart.cpp">
      <Filter>Source Files</Filter>
    </ClCompile>
    <ClCompile Include="src\CRGBA.cpp">
      <Filter>Source Files</Filter>
    </ClCompile>
    <ClCompile Include="src\CRope.cpp">
      <Filter>Source Files</Filter>
    </ClCompile>
    <ClCompile Include="src\CRopes.cpp">
      <Filter>Source Files</Filter>
    </ClCompile>
    <ClCompile Include="src\CRunningScript.cpp">
      <Filter>Source Files</Filter>
    </ClCompile>
    <ClCompile Include="src\CScene.cpp">
      <Filter>Source Files</Filter>
    </ClCompile>
    <ClCompile Include="src\CSetPiece.cpp">
      <Filter>Source Files</Filter>
    </ClCompile>
    <ClCompile Include="src\CSetPieces.cpp">
      <Filter>Source Files</Filter>
    </ClCompile>
    <ClCompile Include="src\CShadowCamera.cpp">
      <Filter>Source Files</Filter>
    </ClCompile>
    <ClCompile Include="src\CShadows.cpp">
      <Filter>Source Files</Filter>
    </ClCompile>
    <ClCompile Include="src\CShinyTexts.cpp">
      <Filter>Source Files</Filter>
    </ClCompile>
    <ClCompile Include="src\CShotInfo.cpp">
      <Filter>Source Files</Filter>
    </ClCompile>
    <ClCompile Include="src\CSimpleTransform.cpp">
      <Filter>Source Files</Filter>
    </ClCompile>
    <ClCompile Include="src\CSpecialFX.cpp">
      <Filter>Source Files</Filter>
    </ClCompile>
    <ClCompile Include="src\CSpecialPlateHandler.cpp">
      <Filter>Source Files</Filter>
    </ClCompile>
    <ClCompile Include="src\CSphere.cpp">
      <Filter>Source Files</Filter>
    </ClCompile>
    <ClCompile Include="src\CSprite.cpp">
      <Filter>Source Files</Filter>
    </ClCompile>
    <ClCompile Include="src\CSprite2d.cpp">
      <Filter>Source Files</Filter>
    </ClCompile>
    <ClCompile Include="src\CStats.cpp">
      <Filter>Source Files</Filter>
    </ClCompile>
    <ClCompile Include="src\CStreaming.cpp">
      <Filter>Source Files</Filter>
    </ClCompile>
    <ClCompile Include="src\CStreamingInfo.cpp">
      <Filter>Source Files</Filter>
    </ClCompile>
    <ClCompile Include="src\CTask.cpp">
      <Filter>Source Files</Filter>
    </ClCompile>
    <ClCompile Include="src\CTaskComplex.cpp">
      <Filter>Source Files</Filter>
    </ClCompile>
    <ClCompile Include="src\CTaskComplexCopInCar.cpp">
      <Filter>Source Files</Filter>
    </ClCompile>
    <ClCompile Include="src\CTaskComplexDie.cpp">
      <Filter>Source Files</Filter>
    </ClCompile>
    <ClCompile Include="src\CTaskComplexEnterBoatAsDriver.cpp">
      <Filter>Source Files</Filter>
    </ClCompile>
    <ClCompile Include="src\CTaskComplexEnterCar.cpp">
      <Filter>Source Files</Filter>
    </ClCompile>
    <ClCompile Include="src\CTaskComplexEnterCarAsDriver.cpp">
      <Filter>Source Files</Filter>
    </ClCompile>
    <ClCompile Include="src\CTaskComplexEnterCarAsPassenger.cpp">
      <Filter>Source Files</Filter>
    </ClCompile>
    <ClCompile Include="src\CTaskComplexFacial.cpp">
      <Filter>Source Files</Filter>
    </ClCompile>
    <ClCompile Include="src\CTaskComplexKillPedFromBoat.cpp">
      <Filter>Source Files</Filter>
    </ClCompile>
    <ClCompile Include="src\CTaskComplexKillPedOnFoot.cpp">
      <Filter>Source Files</Filter>
    </ClCompile>
    <ClCompile Include="src\CTaskComplexLeaveCar.cpp">
      <Filter>Source Files</Filter>
    </ClCompile>
    <ClCompile Include="src\CTaskComplexPlayHandSignalAnim.cpp">
      <Filter>Source Files</Filter>
    </ClCompile>
    <ClCompile Include="src\CTaskComplexProstituteSolicit.cpp">
      <Filter>Source Files</Filter>
    </ClCompile>
    <ClCompile Include="src\CTaskComplexSunbathe.cpp">
      <Filter>Source Files</Filter>
    </ClCompile>
    <ClCompile Include="src\CTaskComplexUseMobilePhone.cpp">
      <Filter>Source Files</Filter>
    </ClCompile>
    <ClCompile Include="src\CTaskComplexWander.cpp">
      <Filter>Source Files</Filter>
    </ClCompile>
    <ClCompile Include="src\CTaskComplexWanderStandard.cpp">
      <Filter>Source Files</Filter>
    </ClCompile>
    <ClCompile Include="src\CTaskManager.cpp">
      <Filter>Source Files</Filter>
    </ClCompile>
    <ClCompile Include="src\CTaskSimple.cpp">
      <Filter>Source Files</Filter>
    </ClCompile>
    <ClCompile Include="src\CTaskSimpleAnim.cpp">
      <Filter>Source Files</Filter>
    </ClCompile>
    <ClCompile Include="src\CTaskSimpleCarSetPedInAsDriver.cpp">
      <Filter>Source Files</Filter>
    </ClCompile>
    <ClCompile Include="src\CTaskSimpleCarSetPedInAsPassenger.cpp">
      <Filter>Source Files</Filter>
    </ClCompile>
    <ClCompile Include="src\CTaskSimpleCarSetPedOut.cpp">
      <Filter>Source Files</Filter>
    </ClCompile>
    <ClCompile Include="src\CTaskSimpleChoking.cpp">
      <Filter>Source Files</Filter>
    </ClCompile>
    <ClCompile Include="src\CTaskSimpleClimb.cpp">
      <Filter>Source Files</Filter>
    </ClCompile>
    <ClCompile Include="src\CTaskSimpleDuck.cpp">
      <Filter>Source Files</Filter>
    </ClCompile>
    <ClCompile Include="src\CTaskSimpleFacial.cpp">
      <Filter>Source Files</Filter>
    </ClCompile>
    <ClCompile Include="src\CTaskSimpleFight.cpp">
      <Filter>Source Files</Filter>
    </ClCompile>
    <ClCompile Include="src\CTaskSimpleGangDriveBy.cpp">
      <Filter>Source Files</Filter>
    </ClCompile>
    <ClCompile Include="src\CTaskSimpleHoldEntity.cpp">
      <Filter>Source Files</Filter>
    </ClCompile>
    <ClCompile Include="src\CTaskSimpleIKChain.cpp">
      <Filter>Source Files</Filter>
    </ClCompile>
    <ClCompile Include="src\CTaskSimpleIKLookAt.cpp">
      <Filter>Source Files</Filter>
    </ClCompile>
    <ClCompile Include="src\CTaskSimpleIKManager.cpp">
      <Filter>Source Files</Filter>
    </ClCompile>
    <ClCompile Include="src\CTaskSimpleInAir.cpp">
      <Filter>Source Files</Filter>
    </ClCompile>
    <ClCompile Include="src\CTaskSimpleJetPack.cpp">
      <Filter>Source Files</Filter>
    </ClCompile>
    <ClCompile Include="src\CTaskSimplePlayerOnFoot.cpp">
      <Filter>Source Files</Filter>
    </ClCompile>
    <ClCompile Include="src\CTaskSimpleRunAnim.cpp">
      <Filter>Source Files</Filter>
    </ClCompile>
    <ClCompile Include="src\CTaskSimpleRunNamedAnim.cpp">
      <Filter>Source Files</Filter>
    </ClCompile>
    <ClCompile Include="src\CTaskSimpleStandStill.cpp">
      <Filter>Source Files</Filter>
    </ClCompile>
    <ClCompile Include="src\CTaskSimpleStealthKill.cpp">
      <Filter>Source Files</Filter>
    </ClCompile>
    <ClCompile Include="src\CTaskSimpleSwim.cpp">
      <Filter>Source Files</Filter>
    </ClCompile>
    <ClCompile Include="src\CTaskSimpleThrowProjectile.cpp">
      <Filter>Source Files</Filter>
    </ClCompile>
    <ClCompile Include="src\CTaskSimpleTriggerLookAt.cpp">
      <Filter>Source Files</Filter>
    </ClCompile>
    <ClCompile Include="src\CTaskSimpleUseGun.cpp">
      <Filter>Source Files</Filter>
    </ClCompile>
    <ClCompile Include="src\CTaskTimer.cpp">
      <Filter>Source Files</Filter>
    </ClCompile>
    <ClCompile Include="src\CTaskUtilityLineUpPedWithCar.cpp">
      <Filter>Source Files</Filter>
    </ClCompile>
    <ClCompile Include="src\CText.cpp">
      <Filter>Source Files</Filter>
    </ClCompile>
    <ClCompile Include="src\CTheCarGenerators.cpp">
      <Filter>Source Files</Filter>
    </ClCompile>
    <ClCompile Include="src\CTheScripts.cpp">
      <Filter>Source Files</Filter>
    </ClCompile>
    <ClCompile Include="src\CTheZones.cpp">
      <Filter>Source Files</Filter>
    </ClCompile>
    <ClCompile Include="src\CTimeCycle.cpp">
      <Filter>Source Files</Filter>
    </ClCompile>
    <ClCompile Include="src\CTimeModelInfo.cpp">
      <Filter>Source Files</Filter>
    </ClCompile>
    <ClCompile Include="src\CTimer.cpp">
      <Filter>Source Files</Filter>
    </ClCompile>
    <ClCompile Include="src\CTrailer.cpp">
      <Filter>Source Files</Filter>
    </ClCompile>
    <ClCompile Include="src\CTrain.cpp">
      <Filter>Source Files</Filter>
    </ClCompile>
    <ClCompile Include="src\CTrainNode.cpp">
      <Filter>Source Files</Filter>
    </ClCompile>
    <ClCompile Include="src\cTransmission.cpp">
      <Filter>Source Files</Filter>
    </ClCompile>
    <ClCompile Include="src\CTxdStore.cpp">
      <Filter>Source Files</Filter>
    </ClCompile>
    <ClCompile Include="src\CUserDisplay.cpp">
      <Filter>Source Files</Filter>
    </ClCompile>
    <ClCompile Include="src\CVector.cpp">
      <Filter>Source Files</Filter>
    </ClCompile>
    <ClCompile Include="src\CVector2D.cpp">
      <Filter>Source Files</Filter>
    </ClCompile>
    <ClCompile Include="src\CVehicle.cpp">
      <Filter>Source Files</Filter>
    </ClCompile>
    <ClCompile Include="src\CVehicleModelInfo.cpp">
      <Filter>Source Files</Filter>
    </ClCompile>
    <ClCompile Include="src\CVisibilityPlugins.cpp">
      <Filter>Source Files</Filter>
    </ClCompile>
    <ClCompile Include="src\CWanted.cpp">
      <Filter>Source Files</Filter>
    </ClCompile>
    <ClCompile Include="src\CWeapon.cpp">
      <Filter>Source Files</Filter>
    </ClCompile>
    <ClCompile Include="src\CWeaponEffects.cpp">
      <Filter>Source Files</Filter>
    </ClCompile>
    <ClCompile Include="src\CWeaponInfo.cpp">
      <Filter>Source Files</Filter>
    </ClCompile>
    <ClCompile Include="src\CWeaponModelInfo.cpp">
      <Filter>Source Files</Filter>
    </ClCompile>
    <ClCompile Include="src\CWeather.cpp">
      <Filter>Source Files</Filter>
    </ClCompile>
    <ClCompile Include="src\CWorld.cpp">
      <Filter>Source Files</Filter>
    </ClCompile>
    <ClCompile Include="src\CZone.cpp">
      <Filter>Source Files</Filter>
    </ClCompile>
    <ClCompile Include="src\D3DIndexDataBuffer.cpp">
      <Filter>Source Files</Filter>
    </ClCompile>
    <ClCompile Include="src\D3DResourceSystem.cpp">
      <Filter>Source Files</Filter>
    </ClCompile>
    <ClCompile Include="src\D3DTextureBuffer.cpp">
      <Filter>Source Files</Filter>
    </ClCompile>
    <ClCompile Include="src\Fx_c.cpp">
      <Filter>Source Files</Filter>
    </ClCompile>
    <ClCompile Include="src\FxBox_c.cpp">
      <Filter>Source Files</Filter>
    </ClCompile>
    <ClCompile Include="src\FxFrustumInfo_c.cpp">
      <Filter>Source Files</Filter>
    </ClCompile>
    <ClCompile Include="src\FxManager_c.cpp">
      <Filter>Source Files</Filter>
    </ClCompile>
    <ClCompile Include="src\FxMemoryPool_c.cpp">
      <Filter>Source Files</Filter>
    </ClCompile>
    <ClCompile Include="src\FxPlane_c.cpp">
      <Filter>Source Files</Filter>
    </ClCompile>
    <ClCompile Include="src\FxPrtMult_c.cpp">
      <Filter>Source Files</Filter>
    </ClCompile>
    <ClCompile Include="src\FxSphere_c.cpp">
      <Filter>Source Files</Filter>
    </ClCompile>
    <ClCompile Include="src\FxSystem_c.cpp">
      <Filter>Source Files</Filter>
    </ClCompile>
    <ClCompile Include="src\FxSystemBP_c.cpp">
      <Filter>Source Files</Filter>
    </ClCompile>
    <ClCompile Include="src\JPegCompress.cpp">
      <Filter>Source Files</Filter>
    </ClCompile>
    <ClCompile Include="src\List_c.cpp">
      <Filter>Source Files</Filter>
    </ClCompile>
    <ClCompile Include="src\ListItem_c.cpp">
      <Filter>Source Files</Filter>
    </ClCompile>
    <ClCompile Include="src\NodeName.cpp">
      <Filter>Source Files</Filter>
    </ClCompile>
    <ClCompile Include="src\PipelinePlugin.cpp">
      <Filter>Source Files</Filter>
    </ClCompile>
    <ClCompile Include="src\RenderWare.cpp">
      <Filter>Source Files</Filter>
    </ClCompile>
    <ClCompile Include="src\TxdDef.cpp">
      <Filter>Source Files</Filter>
    </ClCompile>
  </ItemGroup>
</Project>